github.com/KarpelesLab/weak v0.1.1 h1:fNnlPo3aypS9tBzoEQluY13XyUfd/eWaSE/vMvo9s4g=
github.com/KarpelesLab/weak v0.1.1/go.mod h1:pzXsWs5f2bf+fpgHayTlBE1qJpO3MpJKo5sRaLu1XNw=
github.com/diamondburned/gotk4/pkg v0.3.1 h1:uhkXSUPUsCyz3yujdvl7DSN8jiLS2BgNTQE95hk6ygg=
github.com/diamondburned/gotk4/pkg v0.3.1/go.mod h1:DqeOW+MxSZFg9OO+esk4JgQk0TiUJJUBfMltKhG+ub4=
github.com/diamondburned/gotk4/pkg v0.4.1 h1:w4BwVUUBkKyNLz5HKHN2Oz3kZCTLHfpfKgB/su1p6uo=
github.com/diamondburned/gotk4/pkg v0.4.1/go.mod h1:BAEEDXtj5srQ1S2++5HX2K1s9c6CtuWSa60dAywrkRM=
github.com/mattn/go-sqlite3 v1.14.32 h1:JD12Ag3oLy1zQA+BNn74xRgaBbdhbNIDYvQUEuuErjs=
github.com/mattn/go-sqlite3 v1.14.32/go.mod h1:Uh1q+B4BYcTPb+yiD3kU8Ct7aC0hY9fxUwlHK0RXw+Y=
github.com/mattn/go-sqlite3 v1.14.50 h1:dmdFvo1XG4MPzA4IkAmE9upVz/Nj31uRoM5+jC8hYbY=
github.com/mattn/go-sqlite3 v1.14.50/go.mod h1:6JTjA44L93a0QCyJef5YvlPoKXntQPjzWv5gtm9sB6w=
go4.org/unsafe/assume-no-moving-gc v0.0.0-20231121144256-b99613f794b6 h1:lGdhQUN/cnWdSH3291CUuxSEqc+AsGTiDxPP3r2J0l4=
go4.org/unsafe/assume-no-moving-gc v0.0.0-20231121144256-b99613f794b6/go.mod h1:FftLjUGFEDu5k8lt0ddY+HcrH/qU/0qk+H8j9/nTl3E=
golang.org/x/sync v0.16.0 h1:ycBJEhp9p4vXvUZNszeOq0kGTPghopOL8q0fq3vstxw=
golang.org/x/sync v0.16.0/go.mod h1:1dzgHSNfp02xaA81J2MS99Qcpr2w7fw1gpm99rleRqA=
golang.org/x/sync v0.22.0 h1:SZjpbeLmrCk4xhRSZFNZW5gFUeCeFgjekvI/+gfScek=
golang.org/x/sync v0.22.0/go.mod h1:9xrNwdLfx4jkKbNva9FpL6vEN7evnE43NNNJQ2LF3+0=
