github.com/diamondburned/gotk4/pkg v0.4.1 h1:w4BwVUUBkKyNLz5HKHN2Oz3kZCTLHfpfKgB/su1p6uo=
github.com/diamondburned/gotk4/pkg v0.4.1/go.mod h1:BAEEDXtj5srQ1S2++5HX2K1s9c6CtuWSa60dAywrkRM=
github.com/mattn/go-sqlite3 v1.14.50 h1:dmdFvo1XG4MPzA4IkAmE9upVz/Nj31uRoM5+jC8hYbY=
github.com/mattn/go-sqlite3 v1.14.50/go.mod h1:6JTjA44L93a0QCyJef5YvlPoKXntQPjzWv5gtm9sB6w=
golang.org/x/sync v0.22.0 h1:SZjpbeLmrCk4xhRSZFNZW5gFUeCeFgjekvI/+gfScek=
golang.org/x/sync v0.22.0/go.mod h1:9xrNwdLfx4jkKbNva9FpL6vEN7evnE43NNNJQ2LF3+0=
